
Microsoft Visual Studio Solution File, Format Version 12.00
# Visual Studio 15
VisualStudioVersion = 15.0.28307.168
MinimumVisualStudioVersion = 10.0.40219.1
Project("{FAE04EC0-301F-11D3-BF4B-00C04F79EFBC}") = "PanteAPI", "PanteAPI\PanteAPI.csproj", "{EB6CEF1F-543E-4737-94B1-EFCF1387F817}"
EndProject
Global
	GlobalSection(SolutionConfigurationPlatforms) = preSolution
		Debug|Any CPU = Debug|Any CPU
		Release|Any CPU = Release|Any CPU
	EndGlobalSection
	GlobalSection(ProjectConfigurationPlatforms) = postSolution
		{EB6CEF1F-543E-4737-94B1-EFCF1387F817}.Debug|Any CPU.ActiveCfg = Debug|Any CPU
		{EB6CEF1F-543E-4737-94B1-EFCF1387F817}.Debug|Any CPU.Build.0 = Debug|Any CPU
		{EB6CEF1F-543E-4737-94B1-EFCF1387F817}.Release|Any CPU.ActiveCfg = Release|Any CPU
		{EB6CEF1F-543E-4737-94B1-EFCF1387F817}.Release|Any CPU.Build.0 = Release|Any CPU
	EndGlobalSection
	GlobalSection(SolutionProperties) = preSolution
		HideSolutionNode = FALSE
	EndGlobalSection
	GlobalSection(ExtensibilityGlobals) = postSolution
		SolutionGuid = {9F9DCA48-5E8F-425C-BFDA-CDA38D785D68}
	EndGlobalSection
EndGlobal
